
Microsoft Visual Studio Solution File, Format Version 12.00
# Visual Studio Version 16
VisualStudioVersion = 16.0.31402.337
MinimumVisualStudioVersion = 10.0.40219.1
Project("{FAE04EC0-301F-11D3-BF4B-00C04F79EFBC}") = "TechnoFusionTask", "TechnoFusionTask\TechnoFusionTask.csproj", "{23B4B451-626D-4DAB-A9CC-8B11C8F6B78E}"
EndProject
Global
	GlobalSection(SolutionConfigurationPlatforms) = preSolution
		Debug|Any CPU = Debug|Any CPU
		Release|Any CPU = Release|Any CPU
	EndGlobalSection
	GlobalSection(ProjectConfigurationPlatforms) = postSolution
		{23B4B451-626D-4DAB-A9CC-8B11C8F6B78E}.Debug|Any CPU.ActiveCfg = Debug|Any CPU
		{23B4B451-626D-4DAB-A9CC-8B11C8F6B78E}.Debug|Any CPU.Build.0 = Debug|Any CPU
		{23B4B451-626D-4DAB-A9CC-8B11C8F6B78E}.Release|Any CPU.ActiveCfg = Release|Any CPU
		{23B4B451-626D-4DAB-A9CC-8B11C8F6B78E}.Release|Any CPU.Build.0 = Release|Any CPU
	EndGlobalSection
	GlobalSection(SolutionProperties) = preSolution
		HideSolutionNode = FALSE
	EndGlobalSection
	GlobalSection(ExtensibilityGlobals) = postSolution
		SolutionGuid = {2D149B6D-B91D-42C2-84FA-3E89A5EB5542}
	EndGlobalSection
EndGlobal
